# THIS IS AN AUTOGENERATED FILE. DO NOT EDIT THIS FILE DIRECTLY.
# yarn lockfile v1


"@babel/parser@^7.16.4":
  version "7.19.1"
  resolved "https://mirrors.tencent.com/npm/@babel%2fparser/-/parser-7.19.1.tgz#6f6d6c2e621aad19a92544cc217ed13f1aac5b4c"
  integrity sha512-h7RCSorm1DdTVGJf3P2Mhj3kdnkmF/EiysUkzS2TdgAYqyjFdMQJbVuXOBej2SBJaXan/lIVtT6KkGbyyq753A==

"@ctrl/tinycolor@^3.4.1":
  version "3.4.1"
  resolved "https://mirrors.tencent.com/npm/@ctrl%2ftinycolor/-/tinycolor-3.4.1.tgz#75b4c27948c81e88ccd3a8902047bcd797f38d32"
  integrity sha512-ej5oVy6lykXsvieQtqZxCOaLT+xD4+QNarq78cIYISHmZXshCvROLudpQN3lfL8G0NL7plMSSK+zlyvCaIJ4Iw==

"@element-plus/icons-vue@^2.0.6":
  version "2.0.9"
  resolved "https://mirrors.tencent.com/npm/@element-plus%2ficons-vue/-/icons-vue-2.0.9.tgz#b7777c57534522e387303d194451d50ff549d49a"
  integrity sha512-okdrwiVeKBmW41Hkl0eMrXDjzJwhQMuKiBOu17rOszqM+LS/yBYpNQNV5Jvoh06Wc+89fMmb/uhzf8NZuDuUaQ==

"@esbuild/linux-loong64@0.15.7":
  version "0.15.7"
  resolved "https://mirrors.tencent.com/npm/@esbuild%2flinux-loong64/-/linux-loong64-0.15.7.tgz#1ec4af4a16c554cbd402cc557ccdd874e3f7be53"
  integrity sha512-IKznSJOsVUuyt7cDzzSZyqBEcZe+7WlBqTVXiF1OXP/4Nm387ToaXZ0fyLwI1iBlI/bzpxVq411QE2/Bt2XWWw==

"@floating-ui/core@^1.0.1":
  version "1.0.1"
  resolved "https://mirrors.tencent.com/npm/@floating-ui%2fcore/-/core-1.0.1.tgz#00e64d74e911602c8533957af0cce5af6b2e93c8"
  integrity sha512-bO37brCPfteXQfFY0DyNDGB3+IMe4j150KFQcgJ5aBP295p9nBGeHEs/p0czrRbtlHq4Px/yoPXO/+dOCcF4uA==

"@floating-ui/dom@^1.0.1":
  version "1.0.1"
  resolved "https://mirrors.tencent.com/npm/@floating-ui%2fdom/-/dom-1.0.1.tgz#3321d4e799d6ac2503e729131d07ad0e714aabeb"
  integrity sha512-wBDiLUKWU8QNPNOTAFHiIAkBv1KlHauG2AhqjSeh2H+wR8PX+AArXfz8NkRexH5PgMJMmSOS70YS89AbWYh5dA==
  dependencies:
    "@floating-ui/core" "^1.0.1"

"@pixi/accessibility@6.5.3":
  version "6.5.3"
  resolved "https://mirrors.tencent.com/npm/@pixi%2faccessibility/-/accessibility-6.5.3.tgz#c1aaf2c40ac9ea0fbe12c9e5ed795be52c5d059a"
  integrity sha512-Rv7JiK+5anHrHV3Z4uG6KHlPvXNqAN7rZbyTJXjhRyhhJU9qymazko+tLNwYFVpogwU6iTf+PBSaECDL1S4ZWg==

"@pixi/app@6.5.3":
  version "6.5.3"
  resolved "https://mirrors.tencent.com/npm/@pixi%2fapp/-/app-6.5.3.tgz#cdc796d6d97838e0cc3183fe89aca554b2a462e2"
  integrity sha512-n7GVUFcRGj4AIGJ296xzx9PtwnL76D03zQNyVmuv6Ub7IER8nEvtLkxvKakikhJBAXgM15PbSVxfFV/D3Byang==

"@pixi/compressed-textures@6.5.3":
  version "6.5.3"
  resolved "https://mirrors.tencent.com/npm/@pixi%2fcompressed-textures/-/compressed-textures-6.5.3.tgz#701e81996a2c0233891d89f43336c7faaf72e9ae"
  integrity sha512-WYdwWw2OWpr+ZUaKT3DPrByrJb0cWi2tPeGu5ACtmL0J99GtE3XqqYOnhj2QG+TifcmQ2LsrCPs+tg9yq5pEqw==

"@pixi/constants@6.5.3":
  version "6.5.3"
  resolved "https://mirrors.tencent.com/npm/@pixi%2fconstants/-/constants-6.5.3.tgz#eda8e2dc06aa7a60e923c8b1c98938840234119b"
  integrity sha512-h/0Sf6ak0f0bLKo87CQDAUi9+VbAerJi8uKsq4d1DyXYGCNizjIiBVBUfWAPmzJ7JQ79hMn3fYXWCzlp4flKfw==

"@pixi/core@6.5.3":
  version "6.5.3"
  resolved "https://mirrors.tencent.com/npm/@pixi%2fcore/-/core-6.5.3.tgz#511a51d6e531a27d847aecd302515525b8584012"
  integrity sha512-537nYn5RmXrjSiaDUa5O6Rg72JifoAuKDw2YtAlg9LvoY8jKo2ZP3NvIqrMo2GIjD/I2mznGcU+s9VPzP8lBCQ==
  dependencies:
    "@types/offscreencanvas" "^2019.6.4"

"@pixi/display@6.5.3":
  version "6.5.3"
  resolved "https://mirrors.tencent.com/npm/@pixi%2fdisplay/-/display-6.5.3.tgz#57263f08ce6db116c524e4e876dd5d2d6beb7ba1"
  integrity sha512-Oq51rmnaqbv08z+CuSi75GPKyrzrDi96A1J7mNMJMq4CV6zrwSzCrjo6fcK1Fa47fHRbnkvOqhMQ5aR6NV09MA==

"@pixi/extensions@6.5.3":
  version "6.5.3"
  resolved "https://mirrors.tencent.com/npm/@pixi%2fextensions/-/extensions-6.5.3.tgz#d98ab9a387c7bc8781fc2e94d7c97d283ad5badf"
  integrity sha512-5I9wKGMGIy/Nnm+SX4k70i4LkSo/jFNPyMixNYzJyX+gEoLiQawyJ0qD9WJHDCPtwMaBV8d2OzXxZT5wdbIx2w==

"@pixi/extract@6.5.3":
  version "6.5.3"
  resolved "https://mirrors.tencent.com/npm/@pixi%2fextract/-/extract-6.5.3.tgz#a8a91e2e224dbad0fafab33a8dcbaab0094074a6"
  integrity sha512-iE0czpUr3slfqNAKrhA3Cy340HtyMCThcMRL/jvaITiHFUsoWQkt1qCZKkfehKXzAu/KVphPDj0Vg+uCvpXI/Q==

"@pixi/filter-alpha@6.5.3":
  version "6.5.3"
  resolved "https://mirrors.tencent.com/npm/@pixi%2ffilter-alpha/-/filter-alpha-6.5.3.tgz#07c8cbd89a3dde0bb77132ff3e1ff61b4e7d213e"
  integrity sha512-1mFOv/vK5cBvCIcGXEBUVtXkvgEfbUJFSxhF2AOuVN12Kdbv6lgK1r86ylfcUxoymjKWycSwnNZI/5qguk1OMQ==

"@pixi/filter-blur@6.5.3":
  version "6.5.3"
  resolved "https://mirrors.tencent.com/npm/@pixi%2ffilter-blur/-/filter-blur-6.5.3.tgz#29d917c0ae0a7e0ffb10b2bb8b76d2caeb1f4d3c"
  integrity sha512-AmcUFfiWweGdWvDJTSZGZAERjdwNf2DwnAgCgOUqsODlkGwUUIEWiQnIuzlIIT6ztksydB5sxQ65O3aFb/Jpkg==

"@pixi/filter-color-matrix@6.5.3":
  version "6.5.3"
  resolved "https://mirrors.tencent.com/npm/@pixi%2ffilter-color-matrix/-/filter-color-matrix-6.5.3.tgz#1e16231115862d1e320d7fc6d254502cd7ff1411"
  integrity sha512-zXOrAkmtlJbf2ZRPF6su/Y9CY0JvSuqReohrs7Wzfr68AanMUID2yvgzuT/m2iObBh3pNzVuFf+QbhPzOTJG9g==

"@pixi/filter-displacement@6.5.3":
  version "6.5.3"
  resolved "https://mirrors.tencent.com/npm/@pixi%2ffilter-displacement/-/filter-displacement-6.5.3.tgz#1fd3831fd9d3f32fd87d12053c185b6613c6050f"
  integrity sha512-htfRrkgnm2rQ5IA8e+yzNcQFNLdZZthr09KZZnfmsZ+ulMPl/ZDeWC0uPUdmXDaxGkbahPDuINC/ax9uhoPcRw==

"@pixi/filter-fxaa@6.5.3":
  version "6.5.3"
  resolved "https://mirrors.tencent.com/npm/@pixi%2ffilter-fxaa/-/filter-fxaa-6.5.3.tgz#b1ac07b72fa5d8c825224c92a598bd819031138e"
  integrity sha512-+H0ySSucQf0IGi3YpoWWVEDOwu+aw5yrU4kW0cmoNqWVmP0SsmxaWT7H6REJyjcgfgsdkD6JPtEHQSVWfLs5yQ==

"@pixi/filter-noise@6.5.3":
  version "6.5.3"
  resolved "https://mirrors.tencent.com/npm/@pixi%2ffilter-noise/-/filter-noise-6.5.3.tgz#c7f37589152d06300f113dae70fdcadb8a6415ca"
  integrity sha512-yj3RElbNXOB0cRo7K4R38+n/2VZIGQwFdPx3K1iXTWZEzRDT1UXulzbMn2yeCjvDlXqhOhURgQJ3uk1atUs/gw==

"@pixi/graphics@6.5.3":
  version "6.5.3"
  resolved "https://mirrors.tencent.com/npm/@pixi%2fgraphics/-/graphics-6.5.3.tgz#1af13b915c6879c9c2f9977bfd359780016e9b54"
  integrity sha512-jALPefMEadpW4A/ryf3ALo+a8RY3vPcSUAuSu+W60zBhWcLas5O7doNmdwkBNSp06sYalvdl64xs1oBwaoxWQg==

"@pixi/interaction@6.5.3":
  version "6.5.3"
  resolved "https://mirrors.tencent.com/npm/@pixi%2finteraction/-/interaction-6.5.3.tgz#4cde677ef30c7d91b20d5c68642f8a1b9787a95a"
  integrity sha512-edaqZ9VbOUZI5njm5E+jWKQ8bARqda0kVX4UQfjiNqlQKS5a6W6BPW0iR8GkG3iosNpjiUbfDspLD5JGukXb+w==

"@pixi/loaders@6.5.3":
  version "6.5.3"
  resolved "https://mirrors.tencent.com/npm/@pixi%2floaders/-/loaders-6.5.3.tgz#c5183b9067508c16f2c717ed2d6c3c2a5f5761c2"
  integrity sha512-vh2AEI31KJBUwqRjfJn4il0gkAqKziqwHSg1tlSy3/8BXyLZe9+fy3saL8F5+AWZEWxNQb22E8bLGLwZ6A2Sdg==

"@pixi/math@6.5.3":
  version "6.5.3"
  resolved "https://mirrors.tencent.com/npm/@pixi%2fmath/-/math-6.5.3.tgz#8e59b13c60f578b65c45a0f9a855fcf67c1b663e"
  integrity sha512-0BK/9PB/9vqAln8VBAYJHVOZdugU3JW139rwUWqgzpgcPTRVbKlaQR85Jg3RkvB0rYukxurdX4/mLQTfOmdRVg==

"@pixi/mesh-extras@6.5.3":
  version "6.5.3"
  resolved "https://mirrors.tencent.com/npm/@pixi%2fmesh-extras/-/mesh-extras-6.5.3.tgz#70dd0285318ec432aec32f7692b6dccef4fa7068"
  integrity sha512-gnY/b8gfmU75DundYWxL3Hbw9wApyG3xT0+IgPaJk5bz9ekMPohjlHnJAkFGszSYjK7nZ6LM5niIE/KcIhtFDQ==

"@pixi/mesh@6.5.3":
  version "6.5.3"
  resolved "https://mirrors.tencent.com/npm/@pixi%2fmesh/-/mesh-6.5.3.tgz#7ebdb37b4ff6a5e0fd8c3f11a3e36c2d5212188d"
  integrity sha512-8RsUaGEn5nlyMvhasx0+88i/oHGWIeNS3HliiXuKJEMiKs90sbt0KTvR/L2KIW27xisvRyEQ5Hr7VE4NjGSeSQ==

"@pixi/mixin-cache-as-bitmap@6.5.3":
  version "6.5.3"
  resolved "https://mirrors.tencent.com/npm/@pixi%2fmixin-cache-as-bitmap/-/mixin-cache-as-bitmap-6.5.3.tgz#de6e56f478450e5253cfac7bfc980b8c5c142fdc"
  integrity sha512-kUUqBWaV9wfoFEpf5UJPDEuTEc1dujfuI1AoNNWzkFu5Pv0jwTvE5VfwGFPFRmGWH5SX0PhdyoaZIQY7TrZ77A==

"@pixi/mixin-get-child-by-name@6.5.3":
  version "6.5.3"
  resolved "https://mirrors.tencent.com/npm/@pixi%2fmixin-get-child-by-name/-/mixin-get-child-by-name-6.5.3.tgz#caa29f2a6dc479e2a902367e78713e2455fbf454"
  integrity sha512-KxiX81Xf/Gz1XorsfRmM+xGFzSjFS2CgaasNls3lWt/eH2pIiiOCmLZWe+Y0UL/kYqXoA8Kr2liTe9DoO7rkAA==

"@pixi/mixin-get-global-position@6.5.3":
  version "6.5.3"
  resolved "https://mirrors.tencent.com/npm/@pixi%2fmixin-get-global-position/-/mixin-get-global-position-6.5.3.tgz#e04e80835ed01f7ea207f8fd6592aa2df33b1700"
  integrity sha512-mqT+Or7gs+40d9u6GW9D/g6zJK/AiVulExHFtIv+JU5c6sTK8aiBI8DCtjGiKY5z/NQz4ah4e8Wd6kx5Wd25Pw==

"@pixi/particle-container@6.5.3":
  version "6.5.3"
  resolved "https://mirrors.tencent.com/npm/@pixi%2fparticle-container/-/particle-container-6.5.3.tgz#d7418d4d3a22ce8cea8530cdda0e2a4700043d78"
  integrity sha512-DGM53rxHEXQXEBuXg47xW+YdljwdFiKXp0Y4D4Siebu316qpM4vwMImNL7wcFCju7rNcSNJnfKCO3h9/hT3uZQ==

"@pixi/polyfill@6.5.3":
  version "6.5.3"
  resolved "https://mirrors.tencent.com/npm/@pixi%2fpolyfill/-/polyfill-6.5.3.tgz#027ce03526c11ec0f5c991e6d8bbd8132ae6337e"
  integrity sha512-94XxcZFpDwiTm88pumm/K5YxHQKkmJRY9oAtrsOc5nbYs9cCT71xih+9Ctu/t93BZP+sfXiAxMpx+Fl8L8MYQQ==
  dependencies:
    object-assign "^4.1.1"
    promise-polyfill "^8.2.0"

"@pixi/prepare@6.5.3":
  version "6.5.3"
  resolved "https://mirrors.tencent.com/npm/@pixi%2fprepare/-/prepare-6.5.3.tgz#5e002c1aef37d07d64de38cbd8354344c612d833"
  integrity sha512-mBhL6GrgYWfw/G3ZFH6vDHf6T7y9q5LvWFprJeP0I9DmNLMz3EQAmgjO8tsPsTp2SANcrDhazhfy/yqQ8Eeqgg==

"@pixi/runner@6.5.3":
  version "6.5.3"
  resolved "https://mirrors.tencent.com/npm/@pixi%2frunner/-/runner-6.5.3.tgz#219806e9e2ed6d6069a034ca406cc7906aa40c0b"
  integrity sha512-yUFKlu6m4525lRY9VqVOftQOeJAzCfpHH4k3O1LszmJyQy71QoKQhcnsMLvld7+sf0smw7s4uFpF5xeF0UPTwA==

"@pixi/settings@6.5.3":
  version "6.5.3"
  resolved "https://mirrors.tencent.com/npm/@pixi%2fsettings/-/settings-6.5.3.tgz#68bfe8bd5ff73082a692edbec4918a91ec8d8a5b"
  integrity sha512-3T2WCjO37kLuAFDLkfumtWjQMETChANRB2u5cYpCqwss8cO/QiGLW25/tNx12GuI6p6QiGx/SjsT4OoNHiPSgg==

"@pixi/sprite-animated@6.5.3":
  version "6.5.3"
  resolved "https://mirrors.tencent.com/npm/@pixi%2fsprite-animated/-/sprite-animated-6.5.3.tgz#227b264413668907a26356c183af57ca8580267e"
  integrity sha512-PzPZ6c9hngwgcWmt1DwA810Kr/afgHwsXzm8Sn/JSJlUo3Itmeur/zlHZ72Qt1QfnN34+uPQoOiv89xtDN93Fw==

"@pixi/sprite-tiling@6.5.3":
  version "6.5.3"
  resolved "https://mirrors.tencent.com/npm/@pixi%2fsprite-tiling/-/sprite-tiling-6.5.3.tgz#628358fd86cfec7f0553faec486f8d60be6c8bcf"
  integrity sha512-Shf771SSmOOSBrleo8vWb+GjNMFXNZKUbrRl9an3n6f8zdvb9xfjolFiRHm7OVJGcvxb46Xw/6nfRHJWRZZ5yg==

"@pixi/sprite@6.5.3":
  version "6.5.3"
  resolved "https://mirrors.tencent.com/npm/@pixi%2fsprite/-/sprite-6.5.3.tgz#20ac30e9aab7db4b002eae4b127d2f8e805de132"
  integrity sha512-ly/OBTwpuoPpk9w9xSOsJ0/dM4pu2MdghVzqDYjsODqSq9eibCsFwpOnPLhtTV8letoODc0V9XJKqog2vr03Ag==

"@pixi/spritesheet@6.5.3":
  version "6.5.3"
  resolved "https://mirrors.tencent.com/npm/@pixi%2fspritesheet/-/spritesheet-6.5.3.tgz#cfa174eceffa19be1ca37af54f9b7068a4d80366"
  integrity sha512-yuTFFnma6eFODdFNdT8TJ2UaIa2CgcVZ3dHG7EI9HHYzx5pDXRk+v0LoHb+q7dO2Tm2yC9jcEJXfmO5Qmx+D8A==

"@pixi/text-bitmap@6.5.3":
  version "6.5.3"
  resolved "https://mirrors.tencent.com/npm/@pixi%2ftext-bitmap/-/text-bitmap-6.5.3.tgz#4a0724b2fc5da62de0409590703e0273c6e26af6"
  integrity sha512-QJ2o2/WifrQ0enJ7Kx10w6V3TYNb/Z/HOkWsR4PBEFKOZM5Os+vyaF/VeEDrcvpCDL840wRbYFQVxd7ILfbiGw==

"@pixi/text@6.5.3":
  version "6.5.3"
  resolved "https://mirrors.tencent.com/npm/@pixi%2ftext/-/text-6.5.3.tgz#39e0b95f335d11ee66b57c1bfd7fedf2303a24a9"
  integrity sha512-SNK+tPm3xb2FT57sSf4Jn+FjZzLzDrv9PPkFBRiYV/eqMPs0jpdSRPN5KxkDDT/SbDsmi6HZGM0p+/G/7ydAzA==

"@pixi/ticker@6.5.3":
  version "6.5.3"
  resolved "https://mirrors.tencent.com/npm/@pixi%2fticker/-/ticker-6.5.3.tgz#00f6edad89ecfee7faf7f9b0e02929414bbbebf9"
  integrity sha512-4RHoPxCdH8017HaY+l/F6xTS8igNja5sEQtyXSWlPvd1Y3jnifmIvzi8nrpn7JIHpeN7iHenRCjyM3UYEyUr7g==

"@pixi/utils@6.5.3":
  version "6.5.3"
  resolved "https://mirrors.tencent.com/npm/@pixi%2futils/-/utils-6.5.3.tgz#16a2885a922fae557c26896c31425c0bfc25be66"
  integrity sha512-zucVQSByYoJeKAfVaYMDvF9ku8y79aUhnHDWEUt1lNNi5hbnMzIGxKkB2R/IPct5ASulQmJBvW9t/MS/UKVc2Q==
  dependencies:
    "@types/earcut" "^2.1.0"
    earcut "^2.2.4"
    eventemitter3 "^3.1.0"
    url "^0.11.0"

"@popperjs/core@npm:@sxzz/popperjs-es@^2.11.7":
  version "2.11.7"
  resolved "https://mirrors.tencent.com/npm/@sxzz%2fpopperjs-es/-/popperjs-es-2.11.7.tgz#a7f69e3665d3da9b115f9e71671dae1b97e13671"
  integrity sha512-Ccy0NlLkzr0Ex2FKvh2X+OyERHXJ88XJ1MXtsI9y9fGexlaXaVTPzBCRBwIxFkORuOb+uBqeu+RqnpgYTEZRUQ==

"@types/earcut@^2.1.0":
  version "2.1.1"
  resolved "https://mirrors.tencent.com/npm/@types%2fearcut/-/earcut-2.1.1.tgz#573a0af609f17005c751f6f4ffec49cfe358ea51"
  integrity sha512-w8oigUCDjElRHRRrMvn/spybSMyX8MTkKA5Dv+tS1IE/TgmNZPqUYtvYBXGY8cieSE66gm+szeK+bnbxC2xHTQ==

"@types/lodash-es@^4.17.6":
  version "4.17.6"
  resolved "https://mirrors.tencent.com/npm/@types%2flodash-es/-/lodash-es-4.17.6.tgz#c2ed4c8320ffa6f11b43eb89e9eaeec65966a0a0"
  integrity sha512-R+zTeVUKDdfoRxpAryaQNRKk3105Rrgx2CFRClIgRGaqDTdjsm8h6IYA8ir584W3ePzkZfst5xIgDwYrlh9HLg==
  dependencies:
    "@types/lodash" "*"

"@types/lodash@*", "@types/lodash@^4.14.182":
  version "4.14.185"
  resolved "https://mirrors.tencent.com/npm/@types%2flodash/-/lodash-4.14.185.tgz#c9843f5a40703a8f5edfd53358a58ae729816908"
  integrity sha512-evMDG1bC4rgQg4ku9tKpuMh5iBNEwNa3tf9zRHdP1qlv+1WUg44xat4IxCE14gIpZRGUUWAx2VhItCZc25NfMA==

"@types/offscreencanvas@^2019.6.4":
  version "2019.7.0"
  resolved "https://mirrors.tencent.com/npm/@types%2foffscreencanvas/-/offscreencanvas-2019.7.0.tgz#e4a932069db47bb3eabeb0b305502d01586fa90d"
  integrity sha512-PGcyveRIpL1XIqK8eBsmRBt76eFgtzuPiSTyKHZxnGemp2yzGzWpjYKAfK3wIMiU7eH+851yEpiuP8JZerTmWg==

"@types/web-bluetooth@^0.0.15":
  version "0.0.15"
  resolved "https://mirrors.tencent.com/npm/@types%2fweb-bluetooth/-/web-bluetooth-0.0.15.tgz#d60330046a6ed8a13b4a53df3813c44942ebdf72"
  integrity sha512-w7hEHXnPMEZ+4nGKl/KDRVpxkwYxYExuHOYXyzIzCDzEZ9ZCGMAewulr9IqJu2LR4N37fcnb1XVeuZ09qgOxhA==

"@vitejs/plugin-vue@^3.1.0":
  version "3.1.0"
  resolved "https://mirrors.tencent.com/npm/@vitejs%2fplugin-vue/-/plugin-vue-3.1.0.tgz#3a423ea6943a450e806da412a911150e928598ed"
  integrity sha512-fmxtHPjSOEIRg6vHYDaem+97iwCUg/uSIaTzp98lhELt2ISOQuDo2hbkBdXod0g15IhfPMQmAxh4heUks2zvDA==

"@vue/compiler-core@3.2.39":
  version "3.2.39"
  resolved "https://mirrors.tencent.com/npm/@vue%2fcompiler-core/-/compiler-core-3.2.39.tgz#0d77e635f4bdb918326669155a2dc977c053943e"
  integrity sha512-mf/36OWXqWn0wsC40nwRRGheR/qoID+lZXbIuLnr4/AngM0ov8Xvv8GHunC0rKRIkh60bTqydlqTeBo49rlbqw==
  dependencies:
    "@babel/parser" "^7.16.4"
    "@vue/shared" "3.2.39"
    estree-walker "^2.0.2"
    source-map "^0.6.1"

"@vue/compiler-dom@3.2.39":
  version "3.2.39"
  resolved "https://mirrors.tencent.com/npm/@vue%2fcompiler-dom/-/compiler-dom-3.2.39.tgz#bd69d35c1a48fe2cea4ab9e96d2a3a735d146fdf"
  integrity sha512-HMFI25Be1C8vLEEv1hgEO1dWwG9QQ8LTTPmCkblVJY/O3OvWx6r1+zsox5mKPMGvqYEZa6l8j+xgOfUspgo7hw==
  dependencies:
    "@vue/compiler-core" "3.2.39"
    "@vue/shared" "3.2.39"

"@vue/compiler-sfc@3.2.39":
  version "3.2.39"
  resolved "https://mirrors.tencent.com/npm/@vue%2fcompiler-sfc/-/compiler-sfc-3.2.39.tgz#8fe29990f672805b7c5a2ecfa5b05e681c862ea2"
  integrity sha512-fqAQgFs1/BxTUZkd0Vakn3teKUt//J3c420BgnYgEOoVdTwYpBTSXCMJ88GOBCylmUBbtquGPli9tVs7LzsWIA==
  dependencies:
    "@babel/parser" "^7.16.4"
    "@vue/compiler-core" "3.2.39"
    "@vue/compiler-dom" "3.2.39"
    "@vue/compiler-ssr" "3.2.39"
    "@vue/reactivity-transform" "3.2.39"
    "@vue/shared" "3.2.39"
    estree-walker "^2.0.2"
    magic-string "^0.25.7"
    postcss "^8.1.10"
    source-map "^0.6.1"

"@vue/compiler-ssr@3.2.39":
  version "3.2.39"
  resolved "https://mirrors.tencent.com/npm/@vue%2fcompiler-ssr/-/compiler-ssr-3.2.39.tgz#4f3bfb535cb98b764bee45e078700e03ccc60633"
  integrity sha512-EoGCJ6lincKOZGW+0Ky4WOKsSmqL7hp1ZYgen8M7u/mlvvEQUaO9tKKOy7K43M9U2aA3tPv0TuYYQFrEbK2eFQ==
  dependencies:
    "@vue/compiler-dom" "3.2.39"
    "@vue/shared" "3.2.39"

"@vue/reactivity-transform@3.2.39":
  version "3.2.39"
  resolved "https://mirrors.tencent.com/npm/@vue%2freactivity-transform/-/reactivity-transform-3.2.39.tgz#da6ae6c8fd77791b9ae21976720d116591e1c4aa"
  integrity sha512-HGuWu864zStiWs9wBC6JYOP1E00UjMdDWIG5W+FpUx28hV3uz9ODOKVNm/vdOy/Pvzg8+OcANxAVC85WFBbl3A==
  dependencies:
    "@babel/parser" "^7.16.4"
    "@vue/compiler-core" "3.2.39"
    "@vue/shared" "3.2.39"
    estree-walker "^2.0.2"
    magic-string "^0.25.7"

"@vue/reactivity@3.2.39":
  version "3.2.39"
  resolved "https://mirrors.tencent.com/npm/@vue%2freactivity/-/reactivity-3.2.39.tgz#e6e3615fe2288d4232b104640ddabd0729a78c80"
  integrity sha512-vlaYX2a3qMhIZfrw3Mtfd+BuU+TZmvDrPMa+6lpfzS9k/LnGxkSuf0fhkP0rMGfiOHPtyKoU9OJJJFGm92beVQ==
  dependencies:
    "@vue/shared" "3.2.39"

"@vue/runtime-core@3.2.39":
  version "3.2.39"
  resolved "https://mirrors.tencent.com/npm/@vue%2fruntime-core/-/runtime-core-3.2.39.tgz#dc1faccab11b3e81197aba33fb30c9447c1d2c84"
  integrity sha512-xKH5XP57JW5JW+8ZG1khBbuLakINTgPuINKL01hStWLTTGFOrM49UfCFXBcFvWmSbci3gmJyLl2EAzCaZWsx8g==
  dependencies:
    "@vue/reactivity" "3.2.39"
    "@vue/shared" "3.2.39"

"@vue/runtime-dom@3.2.39":
  version "3.2.39"
  resolved "https://mirrors.tencent.com/npm/@vue%2fruntime-dom/-/runtime-dom-3.2.39.tgz#4a8cb132bcef316e8151c5ed07fc7272eb064614"
  integrity sha512-4G9AEJP+sLhsqf5wXcyKVWQKUhI+iWfy0hWQgea+CpaTD7BR0KdQzvoQdZhwCY6B3oleSyNLkLAQwm0ya/wNoA==
  dependencies:
    "@vue/runtime-core" "3.2.39"
    "@vue/shared" "3.2.39"
    csstype "^2.6.8"

"@vue/server-renderer@3.2.39":
  version "3.2.39"
  resolved "https://mirrors.tencent.com/npm/@vue%2fserver-renderer/-/server-renderer-3.2.39.tgz#4358292d925233b0d8b54cf0513eaece8b2351c5"
  integrity sha512-1yn9u2YBQWIgytFMjz4f/t0j43awKytTGVptfd3FtBk76t1pd8mxbek0G/DrnjJhd2V7mSTb5qgnxMYt8Z5iSQ==
  dependencies:
    "@vue/compiler-ssr" "3.2.39"
    "@vue/shared" "3.2.39"

"@vue/shared@3.2.39":
  version "3.2.39"
  resolved "https://mirrors.tencent.com/npm/@vue%2fshared/-/shared-3.2.39.tgz#302df167559a1a5156da162d8cc6760cef67f8e3"
  integrity sha512-D3dl2ZB9qE6mTuWPk9RlhDeP1dgNRUKC3NJxji74A4yL8M2MwlhLKUC/49WHjrNzSPug58fWx/yFbaTzGAQSBw==

"@vueuse/core@^9.1.0":
  version "9.2.0"
  resolved "https://mirrors.tencent.com/npm/@vueuse%2fcore/-/core-9.2.0.tgz#58e3588b9bc5a69010aa9104b00056ee9ebff738"
  integrity sha512-/MZ6qpz6uSyaXrtoeBWQzAKRG3N7CvfVWvQxiM3ei3Xe5ydOjjtVbo7lGl9p8dECV93j7W8s63A8H0kFLpLyxg==
  dependencies:
    "@types/web-bluetooth" "^0.0.15"
    "@vueuse/metadata" "9.2.0"
    "@vueuse/shared" "9.2.0"
    vue-demi "*"

"@vueuse/metadata@9.2.0":
  version "9.2.0"
  resolved "https://mirrors.tencent.com/npm/@vueuse%2fmetadata/-/metadata-9.2.0.tgz#6bf7c9c44b9f5ece405837226a0e04a997994458"
  integrity sha512-exN4KE6iquxDCdt72BgEhb3tlOpECtD61AUdXnUqBTIUCl70x1Ar/QXo3bYcvxmdMS2/peQyfeTzBjRTpvL5xw==

"@vueuse/shared@9.2.0":
  version "9.2.0"
  resolved "https://mirrors.tencent.com/npm/@vueuse%2fshared/-/shared-9.2.0.tgz#7831051b2c1d01c3413c749468ee53a86024510e"
  integrity sha512-NnRp/noSWuXW0dKhZK5D0YLrDi0nmZ18UeEgwXQq7Ul5TTP93lcNnKjrHtd68j2xFB/l59yPGFlCryL692bnrA==
  dependencies:
    vue-demi "*"

async-validator@^4.2.5:
  version "4.2.5"
  resolved "https://mirrors.tencent.com/npm/async-validator/-/async-validator-4.2.5.tgz#c96ea3332a521699d0afaaceed510a54656c6339"
  integrity sha512-7HhHjtERjqlNbZtqNqy2rckN/SpOOlmDliet+lP7k+eKZEjPk3DgyeU9lIXLdeLz0uBbbVp+9Qdow9wJWgwwfg==

asynckit@^0.4.0:
  version "0.4.0"
  resolved "https://registry.npm.taobao.org/asynckit/download/asynckit-0.4.0.tgz#c79ed97f7f34cb8f2ba1bc9790bcc366474b4b79"
  integrity sha1-x57Zf380y48robyXkLzDZkdLS3k=

axios@^0.27.2:
  version "0.27.2"
  resolved "https://mirrors.tencent.com/npm/axios/-/axios-0.27.2.tgz#207658cc8621606e586c85db4b41a750e756d972"
  integrity sha512-t+yRIyySRTp/wua5xEr+z1q60QmLq8ABsS5O9Me1AsE5dfKqgnCFzwiCZZ/cGNd1lq4/7akDWMxdhVlucjmnOQ==
  dependencies:
    follow-redirects "^1.14.9"
    form-data "^4.0.0"

combined-stream@^1.0.8:
  version "1.0.8"
  resolved "https://mirrors.tencent.com/npm/combined-stream/-/combined-stream-1.0.8.tgz#c3d45a8b34fd730631a110a8a2520682b31d5a7f"
  integrity sha512-FQN4MRfuJeHf7cBbBMJFXhKSDq+2kAArBlmRBvcvFE5BB1HZKXtSFASDhdlz9zOYwxh8lDdnvmMOe/+5cdoEdg==
  dependencies:
    delayed-stream "~1.0.0"

copy-anything@^2.0.1:
  version "2.0.6"
  resolved "https://mirrors.tencent.com/npm/copy-anything/-/copy-anything-2.0.6.tgz#092454ea9584a7b7ad5573062b2a87f5900fc480"
  integrity sha512-1j20GZTsvKNkc4BY3NpMOM8tt///wY3FpIzozTOFO2ffuZcV61nojHXVKIy3WM+7ADCy5FVhdZYHYDdgTU0yJw==
  dependencies:
    is-what "^3.14.1"

csstype@^2.6.8:
  version "2.6.21"
  resolved "https://mirrors.tencent.com/npm/csstype/-/csstype-2.6.21.tgz#2efb85b7cc55c80017c66a5ad7cbd931fda3a90e"
  integrity sha512-Z1PhmomIfypOpoMjRQB70jfvy/wxT50qW08YXO5lMIJkrdq4yOTR+AW7FqutScmB9NkLwxo+jU+kZLbofZZq/w==

dayjs@^1.11.3:
  version "1.11.5"
  resolved "https://mirrors.tencent.com/npm/dayjs/-/dayjs-1.11.5.tgz#00e8cc627f231f9499c19b38af49f56dc0ac5e93"
  integrity sha512-CAdX5Q3YW3Gclyo5Vpqkgpj8fSdLQcRuzfX6mC6Phy0nfJ0eGYOeS7m4mt2plDWLAtA4TqTakvbboHvUxfe4iA==

debug@^3.2.6:
  version "3.2.6"
  resolved "https://registry.npm.taobao.org/debug/download/debug-3.2.6.tgz?cache=0&other_urls=https%3A%2F%2Fregistry.npm.taobao.org%2Fdebug%2Fdownload%2Fdebug-3.2.6.tgz#e83d17de16d8a7efb7717edbe5fb10135eee629b"
  integrity sha1-6D0X3hbYp++3cX7b5fsQE17uYps=
  dependencies:
    ms "^2.1.1"

delayed-stream@~1.0.0:
  version "1.0.0"
  resolved "https://registry.npm.taobao.org/delayed-stream/download/delayed-stream-1.0.0.tgz#df3ae199acadfb7d440aaae0b29e2272b24ec619"
  integrity sha1-3zrhmayt+31ECqrgsp4icrJOxhk=

earcut@^2.2.4:
  version "2.2.4"
  resolved "https://mirrors.tencent.com/npm/earcut/-/earcut-2.2.4.tgz#6d02fd4d68160c114825d06890a92ecaae60343a"
  integrity sha512-/pjZsA1b4RPHbeWZQn66SWS8nZZWLQQ23oE3Eam7aroEFGEvwKAsJfZ9ytiEMycfzXWpca4FA9QIOehf7PocBQ==

element-plus@^2.2.16:
  version "2.2.16"
  resolved "https://mirrors.tencent.com/npm/element-plus/-/element-plus-2.2.16.tgz#84c00fc4a2d84031ec18d0f28820593c6e451513"
  integrity sha512-rvaTMFIujec9YDC5lyaiQv2XVUCHuhVDq2k+9vQxP78N8Wd07iEOGa9pvEVOO2uYc75l4rSl2RE/IWPH/6Mdzw==
  dependencies:
    "@ctrl/tinycolor" "^3.4.1"
    "@element-plus/icons-vue" "^2.0.6"
    "@floating-ui/dom" "^1.0.1"
    "@popperjs/core" "npm:@sxzz/popperjs-es@^2.11.7"
    "@types/lodash" "^4.14.182"
    "@types/lodash-es" "^4.17.6"
    "@vueuse/core" "^9.1.0"
    async-validator "^4.2.5"
    dayjs "^1.11.3"
    escape-html "^1.0.3"
    lodash "^4.17.21"
    lodash-es "^4.17.21"
    lodash-unified "^1.0.2"
    memoize-one "^6.0.0"
    normalize-wheel-es "^1.2.0"

errno@^0.1.1:
  version "0.1.7"
  resolved "https://registry.npm.taobao.org/errno/download/errno-0.1.7.tgz#4684d71779ad39af177e3f007996f7c67c852618"
  integrity sha1-RoTXF3mtOa8Xfj8AeZb3xnyFJhg=
  dependencies:
    prr "~1.0.1"

esbuild-android-64@0.15.7:
  version "0.15.7"
  resolved "https://mirrors.tencent.com/npm/esbuild-android-64/-/esbuild-android-64-0.15.7.tgz#a521604d8c4c6befc7affedc897df8ccde189bea"
  integrity sha512-p7rCvdsldhxQr3YHxptf1Jcd86dlhvc3EQmQJaZzzuAxefO9PvcI0GLOa5nCWem1AJ8iMRu9w0r5TG8pHmbi9w==

esbuild-android-arm64@0.15.7:
  version "0.15.7"
  resolved "https://mirrors.tencent.com/npm/esbuild-android-arm64/-/esbuild-android-arm64-0.15.7.tgz#307b81f1088bf1e81dfe5f3d1d63a2d2a2e3e68e"
  integrity sha512-L775l9ynJT7rVqRM5vo+9w5g2ysbOCfsdLV4CWanTZ1k/9Jb3IYlQ06VCI1edhcosTYJRECQFJa3eAvkx72eyQ==

esbuild-darwin-64@0.15.7:
  version "0.15.7"
  resolved "https://mirrors.tencent.com/npm/esbuild-darwin-64/-/esbuild-darwin-64-0.15.7.tgz#270117b0c4ec6bcbc5cf3a297a7d11954f007e11"
  integrity sha512-KGPt3r1c9ww009t2xLB6Vk0YyNOXh7hbjZ3EecHoVDxgtbUlYstMPDaReimKe6eOEfyY4hBEEeTvKwPsiH5WZg==

esbuild-darwin-arm64@0.15.7:
  version "0.15.7"
  resolved "https://mirrors.tencent.com/npm/esbuild-darwin-arm64/-/esbuild-darwin-arm64-0.15.7.tgz#97851eacd11dacb7719713602e3319e16202fc77"
  integrity sha512-kBIHvtVqbSGajN88lYMnR3aIleH3ABZLLFLxwL2stiuIGAjGlQW741NxVTpUHQXUmPzxi6POqc9npkXa8AcSZQ==

esbuild-freebsd-64@0.15.7:
  version "0.15.7"
  resolved "https://mirrors.tencent.com/npm/esbuild-freebsd-64/-/esbuild-freebsd-64-0.15.7.tgz#1de15ffaf5ae916aa925800aa6d02579960dd8c4"
  integrity sha512-hESZB91qDLV5MEwNxzMxPfbjAhOmtfsr9Wnuci7pY6TtEh4UDuevmGmkUIjX/b+e/k4tcNBMf7SRQ2mdNuK/HQ==

esbuild-freebsd-arm64@0.15.7:
  version "0.15.7"
  resolved "https://mirrors.tencent.com/npm/esbuild-freebsd-arm64/-/esbuild-freebsd-arm64-0.15.7.tgz#0f160dbf5c9a31a1d8dd87acbbcb1a04b7031594"
  integrity sha512-dLFR0ChH5t+b3J8w0fVKGvtwSLWCv7GYT2Y2jFGulF1L5HftQLzVGN+6pi1SivuiVSmTh28FwUhi9PwQicXI6Q==

esbuild-linux-32@0.15.7:
  version "0.15.7"
  resolved "https://mirrors.tencent.com/npm/esbuild-linux-32/-/esbuild-linux-32-0.15.7.tgz#422eb853370a5e40bdce8b39525380de11ccadec"
  integrity sha512-v3gT/LsONGUZcjbt2swrMjwxo32NJzk+7sAgtxhGx1+ZmOFaTRXBAi1PPfgpeo/J//Un2jIKm/I+qqeo4caJvg==

esbuild-linux-64@0.15.7:
  version "0.15.7"
  resolved "https://mirrors.tencent.com/npm/esbuild-linux-64/-/esbuild-linux-64-0.15.7.tgz#f89c468453bb3194b14f19dc32e0b99612e81d2b"
  integrity sha512-LxXEfLAKwOVmm1yecpMmWERBshl+Kv5YJ/1KnyAr6HRHFW8cxOEsEfisD3sVl/RvHyW//lhYUVSuy9jGEfIRAQ==

esbuild-linux-arm64@0.15.7:
  version "0.15.7"
  resolved "https://mirrors.tencent.com/npm/esbuild-linux-arm64/-/esbuild-linux-arm64-0.15.7.tgz#68a79d6eb5e032efb9168a0f340ccfd33d6350a1"
  integrity sha512-P3cfhudpzWDkglutWgXcT2S7Ft7o2e3YDMrP1n0z2dlbUZghUkKCyaWw0zhp4KxEEzt/E7lmrtRu/pGWnwb9vw==

esbuild-linux-arm@0.15.7:
  version "0.15.7"
  resolved "https://mirrors.tencent.com/npm/esbuild-linux-arm/-/esbuild-linux-arm-0.15.7.tgz#2b7c784d0b3339878013dfa82bf5eaf82c7ce7d3"
  integrity sha512-JKgAHtMR5f75wJTeuNQbyznZZa+pjiUHV7sRZp42UNdyXC6TiUYMW/8z8yIBAr2Fpad8hM1royZKQisqPABPvQ==

esbuild-linux-mips64le@0.15.7:
  version "0.15.7"
  resolved "https://mirrors.tencent.com/npm/esbuild-linux-mips64le/-/esbuild-linux-mips64le-0.15.7.tgz#bb8330a50b14aa84673816cb63cc6c8b9beb62cc"
  integrity sha512-T7XKuxl0VpeFLCJXub6U+iybiqh0kM/bWOTb4qcPyDDwNVhLUiPcGdG2/0S7F93czUZOKP57YiLV8YQewgLHKw==

esbuild-linux-ppc64le@0.15.7:
  version "0.15.7"
  resolved "https://mirrors.tencent.com/npm/esbuild-linux-ppc64le/-/esbuild-linux-ppc64le-0.15.7.tgz#52544e7fa992811eb996674090d0bc41f067a14b"
  integrity sha512-6mGuC19WpFN7NYbecMIJjeQgvDb5aMuvyk0PDYBJrqAEMkTwg3Z98kEKuCm6THHRnrgsdr7bp4SruSAxEM4eJw==

esbuild-linux-riscv64@0.15.7:
  version "0.15.7"
  resolved "https://mirrors.tencent.com/npm/esbuild-linux-riscv64/-/esbuild-linux-riscv64-0.15.7.tgz#a43ae60697992b957e454cbb622f7ee5297e8159"
  integrity sha512-uUJsezbswAYo/X7OU/P+PuL/EI9WzxsEQXDekfwpQ23uGiooxqoLFAPmXPcRAt941vjlY9jtITEEikWMBr+F/g==

esbuild-linux-s390x@0.15.7:
  version "0.15.7"
  resolved "https://mirrors.tencent.com/npm/esbuild-linux-s390x/-/esbuild-linux-s390x-0.15.7.tgz#8c76a125dd10a84c166294d77416caaf5e1c7b64"
  integrity sha512-+tO+xOyTNMc34rXlSxK7aCwJgvQyffqEM5MMdNDEeMU3ss0S6wKvbBOQfgd5jRPblfwJ6b+bKiz0g5nABpY0QQ==

esbuild-netbsd-64@0.15.7:
  version "0.15.7"
  resolved "https://mirrors.tencent.com/npm/esbuild-netbsd-64/-/esbuild-netbsd-64-0.15.7.tgz#19b2e75449d7d9c32b5d8a222bac2f1e0c3b08fd"
  integrity sha512-yVc4Wz+Pu3cP5hzm5kIygNPrjar/v5WCSoRmIjCPWfBVJkZNb5brEGKUlf+0Y759D48BCWa0WHrWXaNy0DULTQ==

esbuild-openbsd-64@0.15.7:
  version "0.15.7"
  resolved "https://mirrors.tencent.com/npm/esbuild-openbsd-64/-/esbuild-openbsd-64-0.15.7.tgz#1357b2bf72fd037d9150e751420a1fe4c8618ad7"
  integrity sha512-GsimbwC4FSR4lN3wf8XmTQ+r8/0YSQo21rWDL0XFFhLHKlzEA4SsT1Tl8bPYu00IU6UWSJ+b3fG/8SB69rcuEQ==

esbuild-sunos-64@0.15.7:
  version "0.15.7"
  resolved "https://mirrors.tencent.com/npm/esbuild-sunos-64/-/esbuild-sunos-64-0.15.7.tgz#87ab2c604592a9c3c763e72969da0d72bcde91d2"
  integrity sha512-8CDI1aL/ts0mDGbWzjEOGKXnU7p3rDzggHSBtVryQzkSOsjCHRVe0iFYUuhczlxU1R3LN/E7HgUO4NXzGGP/Ag==

esbuild-windows-32@0.15.7:
  version "0.15.7"
  resolved "https://mirrors.tencent.com/npm/esbuild-windows-32/-/esbuild-windows-32-0.15.7.tgz#c81e688c0457665a8d463a669e5bf60870323e99"
  integrity sha512-cOnKXUEPS8EGCzRSFa1x6NQjGhGsFlVgjhqGEbLTPsA7x4RRYiy2RKoArNUU4iR2vHmzqS5Gr84MEumO/wxYKA==

esbuild-windows-64@0.15.7:
  version "0.15.7"
  resolved "https://mirrors.tencent.com/npm/esbuild-windows-64/-/esbuild-windows-64-0.15.7.tgz#2421d1ae34b0561a9d6767346b381961266c4eff"
  integrity sha512-7MI08Ec2sTIDv+zH6StNBKO+2hGUYIT42GmFyW6MBBWWtJhTcQLinKS6ldIN1d52MXIbiJ6nXyCJ+LpL4jBm3Q==

esbuild-windows-arm64@0.15.7:
  version "0.15.7"
  resolved "https://mirrors.tencent.com/npm/esbuild-windows-arm64/-/esbuild-windows-arm64-0.15.7.tgz#7d5e9e060a7b454cb2f57f84a3f3c23c8f30b7d2"
  integrity sha512-R06nmqBlWjKHddhRJYlqDd3Fabx9LFdKcjoOy08YLimwmsswlFBJV4rXzZCxz/b7ZJXvrZgj8DDv1ewE9+StMw==

esbuild@^0.15.6:
  version "0.15.7"
  resolved "https://mirrors.tencent.com/npm/esbuild/-/esbuild-0.15.7.tgz#8a1f1aff58671a3199dd24df95314122fc1ddee8"
  integrity sha512-7V8tzllIbAQV1M4QoE52ImKu8hT/NLGlGXkiDsbEU5PS6K8Mn09ZnYoS+dcmHxOS9CRsV4IRAMdT3I67IyUNXw==
  optionalDependencies:
    "@esbuild/linux-loong64" "0.15.7"
    esbuild-android-64 "0.15.7"
    esbuild-android-arm64 "0.15.7"
    esbuild-darwin-64 "0.15.7"
    esbuild-darwin-arm64 "0.15.7"
    esbuild-freebsd-64 "0.15.7"
    esbuild-freebsd-arm64 "0.15.7"
    esbuild-linux-32 "0.15.7"
    esbuild-linux-64 "0.15.7"
    esbuild-linux-arm "0.15.7"
    esbuild-linux-arm64 "0.15.7"
    esbuild-linux-mips64le "0.15.7"
    esbuild-linux-ppc64le "0.15.7"
    esbuild-linux-riscv64 "0.15.7"
    esbuild-linux-s390x "0.15.7"
    esbuild-netbsd-64 "0.15.7"
    esbuild-openbsd-64 "0.15.7"
    esbuild-sunos-64 "0.15.7"
    esbuild-windows-32 "0.15.7"
    esbuild-windows-64 "0.15.7"
    esbuild-windows-arm64 "0.15.7"

escape-html@^1.0.3:
  version "1.0.3"
  resolved "https://registry.npm.taobao.org/escape-html/download/escape-html-1.0.3.tgz#0258eae4d3d0c0974de1c169188ef0051d1d1988"
  integrity sha1-Aljq5NPQwJdN4cFpGI7wBR0dGYg=

estree-walker@^2.0.2:
  version "2.0.2"
  resolved "https://mirrors.tencent.com/npm/estree-walker/-/estree-walker-2.0.2.tgz#52f010178c2a4c117a7757cfe942adb7d2da4cac"
  integrity sha512-Rfkk/Mp/DL7JVje3u18FxFujQlTNR2q6QfMSMB7AvCBx91NGj/ba3kCfza0f6dVDbw7YlRf/nDrn7pQrCCyQ/w==

eventemitter3@^3.1.0:
  version "3.1.2"
  resolved "https://mirrors.tencent.com/npm/eventemitter3/-/eventemitter3-3.1.2.tgz#2d3d48f9c346698fce83a85d7d664e98535df6e7"
  integrity sha512-tvtQIeLVHjDkJYnzf2dgVMxfuSGJeM/7UCG17TT4EumTfNtF+0nebF/4zWOIkCreAbtNqhGEboB6BWrwqNaw4Q==

follow-redirects@^1.14.9:
  version "1.15.2"
  resolved "https://mirrors.tencent.com/npm/follow-redirects/-/follow-redirects-1.15.2.tgz#b460864144ba63f2681096f274c4e57026da2c13"
  integrity sha512-VQLG33o04KaQ8uYi2tVNbdrWp1QWxNNea+nmIB4EVM28v0hmP17z7aG1+wAkNzVq4KeXTq3221ye5qTJP91JwA==

form-data@^4.0.0:
  version "4.0.0"
  resolved "https://mirrors.tencent.com/npm/form-data/-/form-data-4.0.0.tgz#93919daeaf361ee529584b9b31664dc12c9fa452"
  integrity sha512-ETEklSGi5t0QMZuiXoA/Q6vcnxcLQP5vdugSpuAyi6SVGi2clPPp+xgEhuMaHC+zGgn31Kd235W35f7Hykkaww==
  dependencies:
    asynckit "^0.4.0"
    combined-stream "^1.0.8"
    mime-types "^2.1.12"

fsevents@~2.3.2:
  version "2.3.2"
  resolved "https://mirrors.tencent.com/npm/fsevents/-/fsevents-2.3.2.tgz#8a526f78b8fdf4623b709e0b975c52c24c02fd1a"
  integrity sha512-xiqMQR4xAeHTuB9uWm+fFRcIOgKBMiOBP+eXiyT7jsgVCq1bkVygt00oASowB7EdtpOHaaPgKt812P9ab+DDKA==

function-bind@^1.1.1:
  version "1.1.1"
  resolved "https://registry.npm.taobao.org/function-bind/download/function-bind-1.1.1.tgz#a56899d3ea3c9bab874bb9773b7c5ede92f4895d"
  integrity sha1-pWiZ0+o8m6uHS7l3O3xe3pL0iV0=

graceful-fs@^4.1.2:
  version "4.2.0"
  resolved "https://registry.npm.taobao.org/graceful-fs/download/graceful-fs-4.2.0.tgz#8d8fdc73977cb04104721cb53666c1ca64cd328b"
  integrity sha1-jY/cc5d8sEEEchy1NmbBymTNMos=

has@^1.0.3:
  version "1.0.3"
  resolved "https://registry.npm.taobao.org/has/download/has-1.0.3.tgz#722d7cbfc1f6aa8241f16dd814e011e1f41e8796"
  integrity sha1-ci18v8H2qoJB8W3YFOAR4fQeh5Y=
  dependencies:
    function-bind "^1.1.1"

iconv-lite@^0.6.3:
  version "0.6.3"
  resolved "https://mirrors.tencent.com/npm/iconv-lite/-/iconv-lite-0.6.3.tgz#a52f80bf38da1952eb5c681790719871a1a72501"
  integrity sha512-4fCk79wshMdzMp2rH06qWrJE4iolqLhCUH+OiuIgU++RB0+94NlDL81atO7GX55uUKueo0txHNtvEyI6D7WdMw==
  dependencies:
    safer-buffer ">= 2.1.2 < 3.0.0"

image-size@~0.5.0:
  version "0.5.5"
  resolved "https://registry.npm.taobao.org/image-size/download/image-size-0.5.5.tgz#09dfd4ab9d20e29eb1c3e80b8990378df9e3cb9c"
  integrity sha1-Cd/Uq50g4p6xw+gLiZA3jfnjy5w=

is-core-module@^2.9.0:
  version "2.10.0"
  resolved "https://mirrors.tencent.com/npm/is-core-module/-/is-core-module-2.10.0.tgz#9012ede0a91c69587e647514e1d5277019e728ed"
  integrity sha512-Erxj2n/LDAZ7H8WNJXd9tw38GYM3dv8rk8Zcs+jJuxYTW7sozH+SS8NtrSjVL1/vpLvWi1hxy96IzjJ3EHTJJg==
  dependencies:
    has "^1.0.3"

is-what@^3.14.1:
  version "3.14.1"
  resolved "https://mirrors.tencent.com/npm/is-what/-/is-what-3.14.1.tgz#e1222f46ddda85dead0fd1c9df131760e77755c1"
  integrity sha512-sNxgpk9793nzSs7bA6JQJGeIuRBQhAaNGG77kzYQgMkrID+lS6SlK07K5LaptscDlSaIgH+GPFzf+d75FVxozA==

less@^4.1.3:
  version "4.1.3"
  resolved "https://mirrors.tencent.com/npm/less/-/less-4.1.3.tgz#175be9ddcbf9b250173e0a00b4d6920a5b770246"
  integrity sha512-w16Xk/Ta9Hhyei0Gpz9m7VS8F28nieJaL/VyShID7cYvP6IL5oHeL6p4TXSDJqZE/lNv0oJ2pGVjJsRkfwm5FA==
  dependencies:
    copy-anything "^2.0.1"
    parse-node-version "^1.0.1"
    tslib "^2.3.0"
  optionalDependencies:
    errno "^0.1.1"
    graceful-fs "^4.1.2"
    image-size "~0.5.0"
    make-dir "^2.1.0"
    mime "^1.4.1"
    needle "^3.1.0"
    source-map "~0.6.0"

lodash-es@^4.17.21:
  version "4.17.21"
  resolved "https://mirrors.tencent.com/npm/lodash-es/-/lodash-es-4.17.21.tgz#43e626c46e6591b7750beb2b50117390c609e3ee"
  integrity sha512-mKnC+QJ9pWVzv+C4/U3rRsHapFfHvQFoFB92e52xeyGMcX6/OlIl78je1u8vePzYZSkkogMPJ2yjxxsb89cxyw==

lodash-unified@^1.0.2:
  version "1.0.2"
  resolved "https://mirrors.tencent.com/npm/lodash-unified/-/lodash-unified-1.0.2.tgz#bb2694db3533781e5cce984af60cfaea318b83c1"
  integrity sha512-OGbEy+1P+UT26CYi4opY4gebD8cWRDxAT6MAObIVQMiqYdxZr1g3QHWCToVsm31x2NkLS4K3+MC2qInaRMa39g==

lodash@^4.17.21:
  version "4.17.21"
  resolved "https://mirrors.tencent.com/npm/lodash/-/lodash-4.17.21.tgz#679591c564c3bffaae8454cf0b3df370c3d6911c"
  integrity sha512-v2kDEe57lecTulaDIuNTPy3Ry4gLGJ6Z1O3vE1krgXZNrsQ+LFTGHVxVjcXPs17LhbZVGedAJv8XZ1tvj5FvSg==

magic-string@^0.25.7:
  version "0.25.9"
  resolved "https://mirrors.tencent.com/npm/magic-string/-/magic-string-0.25.9.tgz#de7f9faf91ef8a1c91d02c2e5314c8277dbcdd1c"
  integrity sha512-RmF0AsMzgt25qzqqLc1+MbHmhdx0ojF2Fvs4XnOqz2ZOBXzzkEwc/dJQZCYHAn7v1jbVOjAZfK8msRn4BxO4VQ==
  dependencies:
    sourcemap-codec "^1.4.8"

make-dir@^2.1.0:
  version "2.1.0"
  resolved "https://mirrors.tencent.com/npm/make-dir/-/make-dir-2.1.0.tgz#5f0310e18b8be898cc07009295a30ae41e91e6f5"
  integrity sha512-LS9X+dc8KLxXCb8dni79fLIIUA5VyZoyjSMCwTluaXA0o27cCK0bhXkpgw+sTXVpPy/lSO57ilRixqk0vDmtRA==
  dependencies:
    pify "^4.0.1"
    semver "^5.6.0"

memoize-one@^6.0.0:
  version "6.0.0"
  resolved "https://mirrors.tencent.com/npm/memoize-one/-/memoize-one-6.0.0.tgz#b2591b871ed82948aee4727dc6abceeeac8c1045"
  integrity sha512-rkpe71W0N0c0Xz6QD0eJETuWAJGnJ9afsl1srmwPrI+yBCkge5EycXXbYRyvL29zZVUWQCY7InPRCv3GDXuZNw==

mime-db@1.40.0:
  version "1.40.0"
  resolved "https://registry.npm.taobao.org/mime-db/download/mime-db-1.40.0.tgz#a65057e998db090f732a68f6c276d387d4126c32"
  integrity sha1-plBX6ZjbCQ9zKmj2wnbTh9QSbDI=

mime-types@^2.1.12:
  version "2.1.24"
  resolved "https://registry.npm.taobao.org/mime-types/download/mime-types-2.1.24.tgz?cache=0&other_urls=https%3A%2F%2Fregistry.npm.taobao.org%2Fmime-types%2Fdownload%2Fmime-types-2.1.24.tgz#b6f8d0b3e951efb77dedeca194cff6d16f676f81"
  integrity sha1-tvjQs+lR77d97eyhlM/20W9nb4E=
  dependencies:
    mime-db "1.40.0"

mime@^1.4.1:
  version "1.6.0"
  resolved "https://registry.npm.taobao.org/mime/download/mime-1.6.0.tgz?cache=0&sync_timestamp=1560034758817&other_urls=https%3A%2F%2Fregistry.npm.taobao.org%2Fmime%2Fdownload%2Fmime-1.6.0.tgz#32cd9e5c64553bd58d19a568af452acff04981b1"
  integrity sha1-Ms2eXGRVO9WNGaVor0Uqz/BJgbE=

ms@^2.1.1:
  version "2.1.2"
  resolved "https://registry.npm.taobao.org/ms/download/ms-2.1.2.tgz?cache=0&other_urls=https%3A%2F%2Fregistry.npm.taobao.org%2Fms%2Fdownload%2Fms-2.1.2.tgz#d09d1f357b443f493382a8eb3ccd183872ae6009"
  integrity sha1-0J0fNXtEP0kzgqjrPM0YOHKuYAk=

nanoid@^3.3.4:
  version "3.3.4"
  resolved "https://mirrors.tencent.com/npm/nanoid/-/nanoid-3.3.4.tgz#730b67e3cd09e2deacf03c027c81c9d9dbc5e8ab"
  integrity sha512-MqBkQh/OHTS2egovRtLk45wEyNXwF+cokD+1YPf9u5VfJiRdAiRwB2froX5Co9Rh20xs4siNPm8naNotSD6RBw==

needle@^3.1.0:
  version "3.1.0"
  resolved "https://mirrors.tencent.com/npm/needle/-/needle-3.1.0.tgz#3bf5cd090c28eb15644181ab6699e027bd6c53c9"
  integrity sha512-gCE9weDhjVGCRqS8dwDR/D3GTAeyXLXuqp7I8EzH6DllZGXSUyxuqqLh+YX9rMAWaaTFyVAg6rHGL25dqvczKw==
  dependencies:
    debug "^3.2.6"
    iconv-lite "^0.6.3"
    sax "^1.2.4"

normalize-wheel-es@^1.2.0:
  version "1.2.0"
  resolved "https://mirrors.tencent.com/npm/normalize-wheel-es/-/normalize-wheel-es-1.2.0.tgz#0fa2593d619f7245a541652619105ab076acf09e"
  integrity sha512-Wj7+EJQ8mSuXr2iWfnujrimU35R2W4FAErEyTmJoJ7ucwTn2hOUSsRehMb5RSYkxXGTM7Y9QpvPmp++w5ftoJw==

object-assign@^4.1.1:
  version "4.1.1"
  resolved "https://mirrors.tencent.com/npm/object-assign/-/object-assign-4.1.1.tgz#2109adc7965887cfc05cbbd442cac8bfbb360863"
  integrity sha1-IQmtx5ZYh8/AXLvUQsrIv7s2CGM=

parse-node-version@^1.0.1:
  version "1.0.1"
  resolved "https://mirrors.tencent.com/npm/parse-node-version/-/parse-node-version-1.0.1.tgz#e2b5dbede00e7fa9bc363607f53327e8b073189b"
  integrity sha512-3YHlOa/JgH6Mnpr05jP9eDG254US9ek25LyIxZlDItp2iJtwyaXQb57lBYLdT3MowkUFYEV2XXNAYIPlESvJlA==

path-parse@^1.0.7:
  version "1.0.7"
  resolved "https://mirrors.tencent.com/npm/path-parse/-/path-parse-1.0.7.tgz#fbc114b60ca42b30d9daf5858e4bd68bbedb6735"
  integrity sha512-LDJzPVEEEPR+y48z93A0Ed0yXb8pAByGWo/k5YYdYgpY2/2EsOsksJrq7lOHxryrVOn1ejG6oAp8ahvOIQD8sw==

picocolors@^1.0.0:
  version "1.0.0"
  resolved "https://mirrors.tencent.com/npm/picocolors/-/picocolors-1.0.0.tgz#cb5bdc74ff3f51892236eaf79d68bc44564ab81c"
  integrity sha512-1fygroTLlHu66zi26VoTDv8yRgm0Fccecssto+MhsZ0D/DGW2sm8E8AjW7NU5VVTRt5GxbeZ5qBuJr+HyLYkjQ==

pify@^4.0.1:
  version "4.0.1"
  resolved "https://registry.npm.taobao.org/pify/download/pify-4.0.1.tgz?cache=0&other_urls=https%3A%2F%2Fregistry.npm.taobao.org%2Fpify%2Fdownload%2Fpify-4.0.1.tgz#4b2cd25c50d598735c50292224fd8c6df41e3231"
  integrity sha1-SyzSXFDVmHNcUCkiJP2MbfQeMjE=

pixi.js@^6.5.3:
  version "6.5.3"
  resolved "https://mirrors.tencent.com/npm/pixi.js/-/pixi.js-6.5.3.tgz#104326479a9ba5c632fb45f12839d9ffcea0512c"
  integrity sha512-WaZcbJIhc4J0oHOWCG+8XRfbBYzH8FPmV/w+OcPEX4L2pv8leBY2WOSrcyPjItpYC+NnZad/VHMq1J+zZnB4Pg==
  dependencies:
    "@pixi/accessibility" "6.5.3"
    "@pixi/app" "6.5.3"
    "@pixi/compressed-textures" "6.5.3"
    "@pixi/constants" "6.5.3"
    "@pixi/core" "6.5.3"
    "@pixi/display" "6.5.3"
    "@pixi/extensions" "6.5.3"
    "@pixi/extract" "6.5.3"
    "@pixi/filter-alpha" "6.5.3"
    "@pixi/filter-blur" "6.5.3"
    "@pixi/filter-color-matrix" "6.5.3"
    "@pixi/filter-displacement" "6.5.3"
    "@pixi/filter-fxaa" "6.5.3"
    "@pixi/filter-noise" "6.5.3"
    "@pixi/graphics" "6.5.3"
    "@pixi/interaction" "6.5.3"
    "@pixi/loaders" "6.5.3"
    "@pixi/math" "6.5.3"
    "@pixi/mesh" "6.5.3"
    "@pixi/mesh-extras" "6.5.3"
    "@pixi/mixin-cache-as-bitmap" "6.5.3"
    "@pixi/mixin-get-child-by-name" "6.5.3"
    "@pixi/mixin-get-global-position" "6.5.3"
    "@pixi/particle-container" "6.5.3"
    "@pixi/polyfill" "6.5.3"
    "@pixi/prepare" "6.5.3"
    "@pixi/runner" "6.5.3"
    "@pixi/settings" "6.5.3"
    "@pixi/sprite" "6.5.3"
    "@pixi/sprite-animated" "6.5.3"
    "@pixi/sprite-tiling" "6.5.3"
    "@pixi/spritesheet" "6.5.3"
    "@pixi/text" "6.5.3"
    "@pixi/text-bitmap" "6.5.3"
    "@pixi/ticker" "6.5.3"
    "@pixi/utils" "6.5.3"

postcss@^8.1.10, postcss@^8.4.16:
  version "8.4.16"
  resolved "https://mirrors.tencent.com/npm/postcss/-/postcss-8.4.16.tgz#33a1d675fac39941f5f445db0de4db2b6e01d43c"
  integrity sha512-ipHE1XBvKzm5xI7hiHCZJCSugxvsdq2mPnsq5+UF+VHCjiBvtDrlxJfMBToWaP9D5XlgNmcFGqoHmUn0EYEaRQ==
  dependencies:
    nanoid "^3.3.4"
    picocolors "^1.0.0"
    source-map-js "^1.0.2"

promise-polyfill@^8.2.0:
  version "8.2.3"
  resolved "https://mirrors.tencent.com/npm/promise-polyfill/-/promise-polyfill-8.2.3.tgz#2edc7e4b81aff781c88a0d577e5fe9da822107c6"
  integrity sha512-Og0+jCRQetV84U8wVjMNccfGCnMQ9mGs9Hv78QFe+pSDD3gWTpz0y+1QCuxy5d/vBFuZ3iwP2eycAkvqIMPmWg==

prr@~1.0.1:
  version "1.0.1"
  resolved "https://registry.npm.taobao.org/prr/download/prr-1.0.1.tgz#d3fc114ba06995a45ec6893f484ceb1d78f5f476"
  integrity sha1-0/wRS6BplaRexok/SEzrHXj19HY=

punycode@1.3.2:
  version "1.3.2"
  resolved "https://mirrors.tencent.com/npm/punycode/-/punycode-1.3.2.tgz#9653a036fb7c1ee42342f2325cceefea3926c48d"
  integrity sha1-llOgNvt8HuQjQvIyXM7v6jkmxI0=

querystring@0.2.0:
  version "0.2.0"
  resolved "https://mirrors.tencent.com/npm/querystring/-/querystring-0.2.0.tgz#b209849203bb25df820da756e747005878521620"
  integrity sha1-sgmEkgO7Jd+CDadW50cAWHhSFiA=

resolve@^1.22.1:
  version "1.22.1"
  resolved "https://mirrors.tencent.com/npm/resolve/-/resolve-1.22.1.tgz#27cb2ebb53f91abb49470a928bba7558066ac177"
  integrity sha512-nBpuuYuY5jFsli/JIs1oldw6fOQCBioohqWZg/2hiaOybXOft4lonv85uDOKXdf8rhyK159cxU5cDcK/NKk8zw==
  dependencies:
    is-core-module "^2.9.0"
    path-parse "^1.0.7"
    supports-preserve-symlinks-flag "^1.0.0"

rollup@~2.78.0:
  version "2.78.1"
  resolved "https://mirrors.tencent.com/npm/rollup/-/rollup-2.78.1.tgz#52fe3934d9c83cb4f7c4cb5fb75d88591be8648f"
  integrity sha512-VeeCgtGi4P+o9hIg+xz4qQpRl6R401LWEXBmxYKOV4zlF82lyhgh2hTZnheFUbANE8l2A41F458iwj2vEYaXJg==
  optionalDependencies:
    fsevents "~2.3.2"

"safer-buffer@>= 2.1.2 < 3.0.0":
  version "2.1.2"
  resolved "https://registry.npm.taobao.org/safer-buffer/download/safer-buffer-2.1.2.tgz?cache=0&other_urls=https%3A%2F%2Fregistry.npm.taobao.org%2Fsafer-buffer%2Fdownload%2Fsafer-buffer-2.1.2.tgz#44fa161b0187b9549dd84bb91802f9bd8385cd6a"
  integrity sha1-RPoWGwGHuVSd2Eu5GAL5vYOFzWo=

sax@^1.2.4:
  version "1.2.4"
  resolved "https://registry.npm.taobao.org/sax/download/sax-1.2.4.tgz#2816234e2378bddc4e5354fab5caa895df7100d9"
  integrity sha1-KBYjTiN4vdxOU1T6tcqold9xANk=

semver@^5.6.0:
  version "5.7.0"
  resolved "https://registry.npm.taobao.org/semver/download/semver-5.7.0.tgz#790a7cf6fea5459bac96110b29b60412dc8ff96b"
  integrity sha1-eQp89v6lRZuslhELKbYEEtyP+Ws=

source-map-js@^1.0.2:
  version "1.0.2"
  resolved "https://mirrors.tencent.com/npm/source-map-js/-/source-map-js-1.0.2.tgz#adbc361d9c62df380125e7f161f71c826f1e490c"
  integrity sha512-R0XvVJ9WusLiqTCEiGCmICCMplcCkIwwR11mOSD9CR5u+IXYdiseeEuXCVAjS54zqwkLcPNnmU4OeJ6tUrWhDw==

source-map@^0.6.1, source-map@~0.6.0:
  version "0.6.1"
  resolved "https://registry.npm.taobao.org/source-map/download/source-map-0.6.1.tgz#74722af32e9614e9c287a8d0bbde48b5e2f1a263"
  integrity sha1-dHIq8y6WFOnCh6jQu95IteLxomM=

sourcemap-codec@^1.4.8:
  version "1.4.8"
  resolved "https://mirrors.tencent.com/npm/sourcemap-codec/-/sourcemap-codec-1.4.8.tgz#ea804bd94857402e6992d05a38ef1ae35a9ab4c4"
  integrity sha512-9NykojV5Uih4lgo5So5dtw+f0JgJX30KCNI8gwhz2J9A15wD0Ml6tjHKwf6fTSa6fAdVBdZeNOs9eJ71qCk8vA==

supports-preserve-symlinks-flag@^1.0.0:
  version "1.0.0"
  resolved "https://mirrors.tencent.com/npm/supports-preserve-symlinks-flag/-/supports-preserve-symlinks-flag-1.0.0.tgz#6eda4bd344a3c94aea376d4cc31bc77311039e09"
  integrity sha512-ot0WnXS9fgdkgIcePe6RHNk1WA8+muPa6cSjeR3V8K27q9BB1rTE3R1p7Hv0z1ZyAc8s6Vvv8DIyWf681MAt0w==

tslib@^2.3.0:
  version "2.4.0"
  resolved "https://mirrors.tencent.com/npm/tslib/-/tslib-2.4.0.tgz#7cecaa7f073ce680a05847aa77be941098f36dc3"
  integrity sha512-d6xOpEDfsi2CZVlPQzGeux8XMwLT9hssAsaPYExaQMuYskwb+x1x7J371tWlbBdWHroy99KnVB6qIkUbs5X3UQ==

typescript@^4.8.3:
  version "4.8.3"
  resolved "https://mirrors.tencent.com/npm/typescript/-/typescript-4.8.3.tgz#d59344522c4bc464a65a730ac695007fdb66dd88"
  integrity sha512-goMHfm00nWPa8UvR/CPSvykqf6dVV8x/dp0c5mFTMTIu0u0FlGWRioyy7Nn0PGAdHxpJZnuO/ut+PpQ8UiHAig==

url@^0.11.0:
  version "0.11.0"
  resolved "https://mirrors.tencent.com/npm/url/-/url-0.11.0.tgz#3838e97cfc60521eb73c525a8e55bfdd9e2e28f1"
  integrity sha1-ODjpfPxgUh63PFJajlW/3Z4uKPE=
  dependencies:
    punycode "1.3.2"
    querystring "0.2.0"

vite@^3.1.0:
  version "3.1.0"
  resolved "https://mirrors.tencent.com/npm/vite/-/vite-3.1.0.tgz#3138b279072941d57e76bcf7f66f272fc6a17fe2"
  integrity sha512-YBg3dUicDpDWFCGttmvMbVyS9ydjntwEjwXRj2KBFwSB8SxmGcudo1yb8FW5+M/G86aS8x828ujnzUVdsLjs9g==
  dependencies:
    esbuild "^0.15.6"
    postcss "^8.4.16"
    resolve "^1.22.1"
    rollup "~2.78.0"
  optionalDependencies:
    fsevents "~2.3.2"

vue-demi@*:
  version "0.13.11"
  resolved "https://mirrors.tencent.com/npm/vue-demi/-/vue-demi-0.13.11.tgz#7d90369bdae8974d87b1973564ad390182410d99"
  integrity sha512-IR8HoEEGM65YY3ZJYAjMlKygDQn25D5ajNFNoKh9RSDMQtlzCxtfQjdQgv9jjK+m3377SsJXY8ysq8kLCZL25A==

vue@^3.2.39:
  version "3.2.39"
  resolved "https://mirrors.tencent.com/npm/vue/-/vue-3.2.39.tgz#de071c56c4c32c41cbd54e55f11404295c0dd62d"
  integrity sha512-tRkguhRTw9NmIPXhzk21YFBqXHT2t+6C6wPOgQ50fcFVWnPdetmRqbmySRHznrYjX2E47u0cGlKGcxKZJ38R/g==
  dependencies:
    "@vue/compiler-dom" "3.2.39"
    "@vue/compiler-sfc" "3.2.39"
    "@vue/runtime-dom" "3.2.39"
    "@vue/server-renderer" "3.2.39"
    "@vue/shared" "3.2.39"
